
Microsoft Visual Studio Solution File, Format Version 12.00
# Visual Studio Version 17
VisualStudioVersion = 17.0.32014.148
MinimumVisualStudioVersion = 10.0.40219.1
Project("{FAE04EC0-301F-11D3-BF4B-00C04F79EFBC}") = "PRN_Assignment", "PRN_Assignment\PRN_Assignment.csproj", "{B6277BC1-2BA1-4C4E-B711-3AD658F21268}"
EndProject
Global
	GlobalSection(SolutionConfigurationPlatforms) = preSolution
		Debug|Any CPU = Debug|Any CPU
		Release|Any CPU = Release|Any CPU
	EndGlobalSection
	GlobalSection(ProjectConfigurationPlatforms) = postSolution
		{B6277BC1-2BA1-4C4E-B711-3AD658F21268}.Debug|Any CPU.ActiveCfg = Debug|Any CPU
		{B6277BC1-2BA1-4C4E-B711-3AD658F21268}.Debug|Any CPU.Build.0 = Debug|Any CPU
		{B6277BC1-2BA1-4C4E-B711-3AD658F21268}.Release|Any CPU.ActiveCfg = Release|Any CPU
		{B6277BC1-2BA1-4C4E-B711-3AD658F21268}.Release|Any CPU.Build.0 = Release|Any CPU
	EndGlobalSection
	GlobalSection(SolutionProperties) = preSolution
		HideSolutionNode = FALSE
	EndGlobalSection
	GlobalSection(ExtensibilityGlobals) = postSolution
		SolutionGuid = {F8D7D262-43B7-4015-8F15-5FDEF41B7FFA}
	EndGlobalSection
EndGlobal
